
Microsoft Visual Studio Solution File, Format Version 12.00
# Visual Studio 15
VisualStudioVersion = 15.0.27004.2010
MinimumVisualStudioVersion = 10.0.40219.1
Project("{FAE04EC0-301F-11D3-BF4B-00C04F79EFBC}") = "ScheduleBuilder.Tests", "ScheduleBuilder.Tests\ScheduleBuilder.Tests.csproj", "{4291870E-B566-4712-A170-30E90C15A011}"
EndProject
Project("{9A19103F-16F7-4668-BE54-9A1E7A4F7556}") = "Core", "Core\Core.csproj", "{5B74D96F-956E-4A49-9725-EF292B08BCF8}"
EndProject
Project("{FAE04EC0-301F-11D3-BF4B-00C04F79EFBC}") = "WindowsUI", "WindowsUI\WindowsUI.csproj", "{32ED6D3A-5E6C-4506-9AAA-D4EB63ABFE32}"
EndProject
Global
	GlobalSection(SolutionConfigurationPlatforms) = preSolution
		Debug|Any CPU = Debug|Any CPU
		Release|Any CPU = Release|Any CPU
	EndGlobalSection
	GlobalSection(ProjectConfigurationPlatforms) = postSolution
		{4291870E-B566-4712-A170-30E90C15A011}.Debug|Any CPU.ActiveCfg = Debug|Any CPU
		{4291870E-B566-4712-A170-30E90C15A011}.Debug|Any CPU.Build.0 = Debug|Any CPU
		{4291870E-B566-4712-A170-30E90C15A011}.Release|Any CPU.ActiveCfg = Release|Any CPU
		{4291870E-B566-4712-A170-30E90C15A011}.Release|Any CPU.Build.0 = Release|Any CPU
		{5B74D96F-956E-4A49-9725-EF292B08BCF8}.Debug|Any CPU.ActiveCfg = Debug|Any CPU
		{5B74D96F-956E-4A49-9725-EF292B08BCF8}.Debug|Any CPU.Build.0 = Debug|Any CPU
		{5B74D96F-956E-4A49-9725-EF292B08BCF8}.Release|Any CPU.ActiveCfg = Release|Any CPU
		{5B74D96F-956E-4A49-9725-EF292B08BCF8}.Release|Any CPU.Build.0 = Release|Any CPU
		{32ED6D3A-5E6C-4506-9AAA-D4EB63ABFE32}.Debug|Any CPU.ActiveCfg = Debug|Any CPU
		{32ED6D3A-5E6C-4506-9AAA-D4EB63ABFE32}.Debug|Any CPU.Build.0 = Debug|Any CPU
		{32ED6D3A-5E6C-4506-9AAA-D4EB63ABFE32}.Release|Any CPU.ActiveCfg = Release|Any CPU
		{32ED6D3A-5E6C-4506-9AAA-D4EB63ABFE32}.Release|Any CPU.Build.0 = Release|Any CPU
	EndGlobalSection
	GlobalSection(SolutionProperties) = preSolution
		HideSolutionNode = FALSE
	EndGlobalSection
	GlobalSection(ExtensibilityGlobals) = postSolution
		SolutionGuid = {5B65ABD0-0301-486D-924F-2C1D97AD57BE}
	EndGlobalSection
EndGlobal
